
Microsoft Visual Studio Solution File, Format Version 12.00
# Visual Studio 15
VisualStudioVersion = 15.0.27428.2011
MinimumVisualStudioVersion = 10.0.40219.1
Project("{FAE04EC0-301F-11D3-BF4B-00C04F79EFBC}") = "EpiserverBaseSite", "EpiserverBaseSite\EpiserverBaseSite.csproj", "{B6F03C6B-646E-4F87-B9B1-8BA39D58F8AF}"
EndProject
Global
	GlobalSection(SolutionConfigurationPlatforms) = preSolution
		Debug|Any CPU = Debug|Any CPU
		Release|Any CPU = Release|Any CPU
	EndGlobalSection
	GlobalSection(ProjectConfigurationPlatforms) = postSolution
		{B6F03C6B-646E-4F87-B9B1-8BA39D58F8AF}.Debug|Any CPU.ActiveCfg = Debug|Any CPU
		{B6F03C6B-646E-4F87-B9B1-8BA39D58F8AF}.Debug|Any CPU.Build.0 = Debug|Any CPU
		{B6F03C6B-646E-4F87-B9B1-8BA39D58F8AF}.Release|Any CPU.ActiveCfg = Release|Any CPU
		{B6F03C6B-646E-4F87-B9B1-8BA39D58F8AF}.Release|Any CPU.Build.0 = Release|Any CPU
	EndGlobalSection
	GlobalSection(SolutionProperties) = preSolution
		HideSolutionNode = FALSE
	EndGlobalSection
	GlobalSection(ExtensibilityGlobals) = postSolution
		SolutionGuid = {14578C40-B855-4A31-97D2-4C2F8F4F4D74}
	EndGlobalSection
EndGlobal
